// !$*UTF8*$!
{
	archiveVersion = 1;
	classes = {
	};
	objectVersion = 46;
	objects = {

/* Begin PBXBuildFile section */
		527EF9C117E9DD7500FBC5CE /* UIKit.framework in Frameworks */ = {isa = PBXBuildFile; fileRef = 527EF9C017E9DD7500FBC5CE /* UIKit.framework */; };
		527EF9C317E9DD7500FBC5CE /* Foundation.framework in Frameworks */ = {isa = PBXBuildFile; fileRef = 527EF9C217E9DD7500FBC5CE /* Foundation.framework */; };
		527EF9C517E9DD7500FBC5CE /* CoreGraphics.framework in Frameworks */ = {isa = PBXBuildFile; fileRef = 527EF9C417E9DD7500FBC5CE /* CoreGraphics.framework */; };
		527EF9CB17E9DD7500FBC5CE /* InfoPlist.strings in Resources */ = {isa = PBXBuildFile; fileRef = 527EF9C917E9DD7500FBC5CE /* InfoPlist.strings */; };
		527EF9CD17E9DD7500FBC5CE /* main.m in Sources */ = {isa = PBXBuildFile; fileRef = 527EF9CC17E9DD7500FBC5CE /* main.m */; };
		527EF9D117E9DD7500FBC5CE /* AJAppDelegate.m in Sources */ = {isa = PBXBuildFile; fileRef = 527EF9D017E9DD7500FBC5CE /* AJAppDelegate.m */; };
		527EF9D317E9DD7500FBC5CE /* Default.png in Resources */ = {isa = PBXBuildFile; fileRef = 527EF9D217E9DD7500FBC5CE /* Default.png */; };
		527EF9D517E9DD7600FBC5CE /* Default@2x.png in Resources */ = {isa = PBXBuildFile; fileRef = 527EF9D417E9DD7600FBC5CE /* Default@2x.png */; };
		527EF9D717E9DD7600FBC5CE /* Default-568h@2x.png in Resources */ = {isa = PBXBuildFile; fileRef = 527EF9D617E9DD7600FBC5CE /* Default-568h@2x.png */; };
		527EF9DA17E9DD7600FBC5CE /* iPhoneStoryboard.storyboard in Resources */ = {isa = PBXBuildFile; fileRef = 527EF9D817E9DD7600FBC5CE /* iPhoneStoryboard.storyboard */; };
		527EF9E417E9DDB800FBC5CE /* iPadStoryboard.storyboard in Resources */ = {isa = PBXBuildFile; fileRef = 527EF9E317E9DDB800FBC5CE /* iPadStoryboard.storyboard */; };
		527EF9E717E9E16F00FBC5CE /* AJGamesTableViewController.m in Sources */ = {isa = PBXBuildFile; fileRef = 527EF9E617E9E16F00FBC5CE /* AJGamesTableViewController.m */; };
		527EF9EA17E9E33F00FBC5CE /* AJGameTableViewCell.m in Sources */ = {isa = PBXBuildFile; fileRef = 527EF9E917E9E33F00FBC5CE /* AJGameTableViewCell.m */; };
		527F01BF17F412380077F704 /* UIBarButtonItem+Additions.m in Sources */ = {isa = PBXBuildFile; fileRef = 527F01BE17F412380077F704 /* UIBarButtonItem+Additions.m */; };
		527F01CB17F414D10077F704 /* Default-Landscape@2x~ipad.png in Resources */ = {isa = PBXBuildFile; fileRef = 527F01C317F414D10077F704 /* Default-Landscape@2x~ipad.png */; };
		527F01CC17F414D10077F704 /* Default-Landscape~ipad.png in Resources */ = {isa = PBXBuildFile; fileRef = 527F01C417F414D10077F704 /* Default-Landscape~ipad.png */; };
		527F01CD17F414D10077F704 /* Default-Portrait@2x~ipad.png in Resources */ = {isa = PBXBuildFile; fileRef = 527F01C517F414D10077F704 /* Default-Portrait@2x~ipad.png */; };
		527F01CE17F414D10077F704 /* Default-Portrait~ipad.png in Resources */ = {isa = PBXBuildFile; fileRef = 527F01C617F414D10077F704 /* Default-Portrait~ipad.png */; };
		527F01CF17F414D10077F704 /* icon_iPad.png in Resources */ = {isa = PBXBuildFile; fileRef = 527F01C717F414D10077F704 /* icon_iPad.png */; };
		527F01D017F414D10077F704 /* icon_iPad@2x.png in Resources */ = {isa = PBXBuildFile; fileRef = 527F01C817F414D10077F704 /* icon_iPad@2x.png */; };
		527F01D117F414D10077F704 /* icon.png in Resources */ = {isa = PBXBuildFile; fileRef = 527F01C917F414D10077F704 /* icon.png */; };
		527F01D217F414D10077F704 /* icon@2x.png in Resources */ = {isa = PBXBuildFile; fileRef = 527F01CA17F414D10077F704 /* icon@2x.png */; };
		527F01D517F416290077F704 /* AJViewController.m in Sources */ = {isa = PBXBuildFile; fileRef = 527F01D417F416290077F704 /* AJViewController.m */; };
		527F01D817F4178D0077F704 /* back.png in Resources */ = {isa = PBXBuildFile; fileRef = 527F01D617F4178D0077F704 /* back.png */; };
		527F01D917F4178D0077F704 /* back@2x.png in Resources */ = {isa = PBXBuildFile; fileRef = 527F01D717F4178D0077F704 /* back@2x.png */; };
		527F01DC17F437B60077F704 /* disclosure.png in Resources */ = {isa = PBXBuildFile; fileRef = 527F01DA17F437B60077F704 /* disclosure.png */; };
		527F01DD17F437B60077F704 /* disclosure@2x.png in Resources */ = {isa = PBXBuildFile; fileRef = 527F01DB17F437B60077F704 /* disclosure@2x.png */; };
		527F01E017F440FF0077F704 /* AJSeparatorTableViewCell.m in Sources */ = {isa = PBXBuildFile; fileRef = 527F01DF17F440FF0077F704 /* AJSeparatorTableViewCell.m */; };
		52C3988717F304C4006C08B2 /* LDBrushStroke.ttf in Resources */ = {isa = PBXBuildFile; fileRef = 52C3988617F304C4006C08B2 /* LDBrushStroke.ttf */; };
		52C3988B17F305D3006C08B2 /* UIFont+Additions.m in Sources */ = {isa = PBXBuildFile; fileRef = 52C3988A17F305D3006C08B2 /* UIFont+Additions.m */; };
		52C3988D17F3079F006C08B2 /* Faranvale.otf in Resources */ = {isa = PBXBuildFile; fileRef = 52C3988C17F3079F006C08B2 /* Faranvale.otf */; };
		A907C84517EDBC2C009D1BFC /* background-568h@2x.png in Resources */ = {isa = PBXBuildFile; fileRef = A907C84217EDBC2C009D1BFC /* background-568h@2x.png */; };
		A907C84617EDBC2C009D1BFC /* background.png in Resources */ = {isa = PBXBuildFile; fileRef = A907C84317EDBC2C009D1BFC /* background.png */; };
		A907C84717EDBC2C009D1BFC /* background@2x.png in Resources */ = {isa = PBXBuildFile; fileRef = A907C84417EDBC2C009D1BFC /* background@2x.png */; };
		A907C84A17EDBCC2009D1BFC /* separator.png in Resources */ = {isa = PBXBuildFile; fileRef = A907C84817EDBCC2009D1BFC /* separator.png */; };
		A907C84B17EDBCC2009D1BFC /* separator@2x.png in Resources */ = {isa = PBXBuildFile; fileRef = A907C84917EDBCC2009D1BFC /* separator@2x.png */; };
		A9528A1F17EB64D400060B08 /* CoreData.framework in Frameworks */ = {isa = PBXBuildFile; fileRef = A9528A1E17EB64D400060B08 /* CoreData.framework */; };
		A9528A2517EB66ED00060B08 /* Scores.xcdatamodeld in Sources */ = {isa = PBXBuildFile; fileRef = A9528A2317EB66ED00060B08 /* Scores.xcdatamodeld */; };
		A9528A3117EB68D800060B08 /* AJGame.m in Sources */ = {isa = PBXBuildFile; fileRef = A9528A3017EB68D800060B08 /* AJGame.m */; };
		A9528A3417EB68D800060B08 /* AJPlayer.m in Sources */ = {isa = PBXBuildFile; fileRef = A9528A3317EB68D800060B08 /* AJPlayer.m */; };
		A9528A3717EB68D800060B08 /* AJScore.m in Sources */ = {isa = PBXBuildFile; fileRef = A9528A3617EB68D800060B08 /* AJScore.m */; };
		A9528A3B17EB695F00060B08 /* AJScoresManager.m in Sources */ = {isa = PBXBuildFile; fileRef = A9528A3A17EB695F00060B08 /* AJScoresManager.m */; };
		A9528A3E17EB6AF000060B08 /* AJGame+Additions.m in Sources */ = {isa = PBXBuildFile; fileRef = A9528A3D17EB6AEF00060B08 /* AJGame+Additions.m */; };
		A9528A4117EB6B6400060B08 /* AJDefines.m in Sources */ = {isa = PBXBuildFile; fileRef = A9528A4017EB6B6400060B08 /* AJDefines.m */; };
		A9528A4517EB6FB900060B08 /* UIColor+Additions.m in Sources */ = {isa = PBXBuildFile; fileRef = A9528A4417EB6FB900060B08 /* UIColor+Additions.m */; };
		A9528A4817EB71DA00060B08 /* UIImage+Additions.m in Sources */ = {isa = PBXBuildFile; fileRef = A9528A4717EB71DA00060B08 /* UIImage+Additions.m */; };
		A9528A4B17EB723A00060B08 /* cards_icon.png in Resources */ = {isa = PBXBuildFile; fileRef = A9528A4A17EB723A00060B08 /* cards_icon.png */; };
		A9528A4D17EB724200060B08 /* main_tile_default_pic.png in Resources */ = {isa = PBXBuildFile; fileRef = A9528A4C17EB724200060B08 /* main_tile_default_pic.png */; };
		A9528A5017EB730500060B08 /* mask.png in Resources */ = {isa = PBXBuildFile; fileRef = A9528A4E17EB730500060B08 /* mask.png */; };
		A9528A5117EB730500060B08 /* mask@2x.png in Resources */ = {isa = PBXBuildFile; fileRef = A9528A4F17EB730500060B08 /* mask@2x.png */; };
		A954E69617F601B100BAF445 /* AJPlayerTableViewCell.m in Sources */ = {isa = PBXBuildFile; fileRef = A954E69517F601B100BAF445 /* AJPlayerTableViewCell.m */; };
		A954E69917F604E200BAF445 /* AJPlayersViewController.m in Sources */ = {isa = PBXBuildFile; fileRef = A954E69817F604E200BAF445 /* AJPlayersViewController.m */; };
		A954E69C17F606D100BAF445 /* AJPlayer+Additions.m in Sources */ = {isa = PBXBuildFile; fileRef = A954E69B17F606D100BAF445 /* AJPlayer+Additions.m */; };
		A962D66217F373E500E606B8 /* AJTableViewController.m in Sources */ = {isa = PBXBuildFile; fileRef = A962D66117F373E500E606B8 /* AJTableViewController.m */; };
		A962D66717F3743F00E606B8 /* nav-bar-clear-landscape.png in Resources */ = {isa = PBXBuildFile; fileRef = A962D66317F3743F00E606B8 /* nav-bar-clear-landscape.png */; };
		A962D66817F3743F00E606B8 /* nav-bar-clear-landscape@2x.png in Resources */ = {isa = PBXBuildFile; fileRef = A962D66417F3743F00E606B8 /* nav-bar-clear-landscape@2x.png */; };
		A962D66917F3743F00E606B8 /* nav-bar-clear.png in Resources */ = {isa = PBXBuildFile; fileRef = A962D66517F3743F00E606B8 /* nav-bar-clear.png */; };
		A962D66A17F3743F00E606B8 /* nav-bar-clear@2x.png in Resources */ = {isa = PBXBuildFile; fileRef = A962D66617F3743F00E606B8 /* nav-bar-clear@2x.png */; };
		A987B9E417ED677E0070CA82 /* NSString+Additions.m in Sources */ = {isa = PBXBuildFile; fileRef = A987B9E317ED677E0070CA82 /* NSString+Additions.m */; };
		A987B9E717ED7E9D0070CA82 /* AJTextFieldTableViewCell.m in Sources */ = {isa = PBXBuildFile; fileRef = A987B9E617ED7E9D0070CA82 /* AJTextFieldTableViewCell.m */; };
/* End PBXBuildFile section */

/* Begin PBXFileReference section */
		527EF9BD17E9DD7500FBC5CE /* Scores.app */ = {isa = PBXFileReference; explicitFileType = wrapper.application; includeInIndex = 0; path = Scores.app; sourceTree = BUILT_PRODUCTS_DIR; };
		527EF9C017E9DD7500FBC5CE /* UIKit.framework */ = {isa = PBXFileReference; lastKnownFileType = wrapper.framework; name = UIKit.framework; path = System/Library/Frameworks/UIKit.framework; sourceTree = SDKROOT; };
		527EF9C217E9DD7500FBC5CE /* Foundation.framework */ = {isa = PBXFileReference; lastKnownFileType = wrapper.framework; name = Foundation.framework; path = System/Library/Frameworks/Foundation.framework; sourceTree = SDKROOT; };
		527EF9C417E9DD7500FBC5CE /* CoreGraphics.framework */ = {isa = PBXFileReference; lastKnownFileType = wrapper.framework; name = CoreGraphics.framework; path = System/Library/Frameworks/CoreGraphics.framework; sourceTree = SDKROOT; };
		527EF9C817E9DD7500FBC5CE /* Scores-Info.plist */ = {isa = PBXFileReference; lastKnownFileType = text.plist.xml; path = "Scores-Info.plist"; sourceTree = "<group>"; };
		527EF9CA17E9DD7500FBC5CE /* en */ = {isa = PBXFileReference; lastKnownFileType = text.plist.strings; name = en; path = en.lproj/InfoPlist.strings; sourceTree = "<group>"; };
		527EF9CC17E9DD7500FBC5CE /* main.m */ = {isa = PBXFileReference; lastKnownFileType = sourcecode.c.objc; path = main.m; sourceTree = "<group>"; };
		527EF9CE17E9DD7500FBC5CE /* Scores-Prefix.pch */ = {isa = PBXFileReference; lastKnownFileType = sourcecode.c.h; path = "Scores-Prefix.pch"; sourceTree = "<group>"; };
		527EF9CF17E9DD7500FBC5CE /* AJAppDelegate.h */ = {isa = PBXFileReference; lastKnownFileType = sourcecode.c.h; path = AJAppDelegate.h; sourceTree = "<group>"; };
		527EF9D017E9DD7500FBC5CE /* AJAppDelegate.m */ = {isa = PBXFileReference; lastKnownFileType = sourcecode.c.objc; path = AJAppDelegate.m; sourceTree = "<group>"; };
		527EF9D217E9DD7500FBC5CE /* Default.png */ = {isa = PBXFileReference; lastKnownFileType = image.png; path = Default.png; sourceTree = "<group>"; };
		527EF9D417E9DD7600FBC5CE /* Default@2x.png */ = {isa = PBXFileReference; lastKnownFileType = image.png; path = "Default@2x.png"; sourceTree = "<group>"; };
		527EF9D617E9DD7600FBC5CE /* Default-568h@2x.png */ = {isa = PBXFileReference; lastKnownFileType = image.png; path = "Default-568h@2x.png"; sourceTree = "<group>"; };
		527EF9D917E9DD7600FBC5CE /* en */ = {isa = PBXFileReference; lastKnownFileType = file.storyboard; name = en; path = en.lproj/iPhoneStoryboard.storyboard; sourceTree = "<group>"; };
		527EF9E317E9DDB800FBC5CE /* iPadStoryboard.storyboard */ = {isa = PBXFileReference; fileEncoding = 4; lastKnownFileType = file.storyboard; path = iPadStoryboard.storyboard; sourceTree = "<group>"; };
		527EF9E517E9E16F00FBC5CE /* AJGamesTableViewController.h */ = {isa = PBXFileReference; fileEncoding = 4; lastKnownFileType = sourcecode.c.h; name = AJGamesTableViewController.h; path = Classes/Controllers/AJGamesTableViewController.h; sourceTree = "<group>"; };
		527EF9E617E9E16F00FBC5CE /* AJGamesTableViewController.m */ = {isa = PBXFileReference; fileEncoding = 4; lastKnownFileType = sourcecode.c.objc; name = AJGamesTableViewController.m; path = Classes/Controllers/AJGamesTableViewController.m; sourceTree = "<group>"; };
		527EF9E817E9E33F00FBC5CE /* AJGameTableViewCell.h */ = {isa = PBXFileReference; fileEncoding = 4; lastKnownFileType = sourcecode.c.h; name = AJGameTableViewCell.h; path = Classes/TableViewCells/AJGameTableViewCell.h; sourceTree = "<group>"; };
		527EF9E917E9E33F00FBC5CE /* AJGameTableViewCell.m */ = {isa = PBXFileReference; fileEncoding = 4; lastKnownFileType = sourcecode.c.objc; name = AJGameTableViewCell.m; path = Classes/TableViewCells/AJGameTableViewCell.m; sourceTree = "<group>"; };
		527F01BD17F412380077F704 /* UIBarButtonItem+Additions.h */ = {isa = PBXFileReference; fileEncoding = 4; lastKnownFileType = sourcecode.c.h; path = "UIBarButtonItem+Additions.h"; sourceTree = "<group>"; };
		527F01BE17F412380077F704 /* UIBarButtonItem+Additions.m */ = {isa = PBXFileReference; fileEncoding = 4; lastKnownFileType = sourcecode.c.objc; path = "UIBarButtonItem+Additions.m"; sourceTree = "<group>"; };
		527F01C317F414D10077F704 /* Default-Landscape@2x~ipad.png */ = {isa = PBXFileReference; lastKnownFileType = image.png; path = "Default-Landscape@2x~ipad.png"; sourceTree = "<group>"; };
		527F01C417F414D10077F704 /* Default-Landscape~ipad.png */ = {isa = PBXFileReference; lastKnownFileType = image.png; path = "Default-Landscape~ipad.png"; sourceTree = "<group>"; };
		527F01C517F414D10077F704 /* Default-Portrait@2x~ipad.png */ = {isa = PBXFileReference; lastKnownFileType = image.png; path = "Default-Portrait@2x~ipad.png"; sourceTree = "<group>"; };
		527F01C617F414D10077F704 /* Default-Portrait~ipad.png */ = {isa = PBXFileReference; lastKnownFileType = image.png; path = "Default-Portrait~ipad.png"; sourceTree = "<group>"; };
		527F01C717F414D10077F704 /* icon_iPad.png */ = {isa = PBXFileReference; lastKnownFileType = image.png; path = icon_iPad.png; sourceTree = "<group>"; };
		527F01C817F414D10077F704 /* icon_iPad@2x.png */ = {isa = PBXFileReference; lastKnownFileType = image.png; path = "icon_iPad@2x.png"; sourceTree = "<group>"; };
		527F01C917F414D10077F704 /* icon.png */ = {isa = PBXFileReference; lastKnownFileType = image.png; path = icon.png; sourceTree = "<group>"; };
		527F01CA17F414D10077F704 /* icon@2x.png */ = {isa = PBXFileReference; lastKnownFileType = image.png; path = "icon@2x.png"; sourceTree = "<group>"; };
		527F01D317F416290077F704 /* AJViewController.h */ = {isa = PBXFileReference; fileEncoding = 4; lastKnownFileType = sourcecode.c.h; name = AJViewController.h; path = Classes/Controllers/AJViewController.h; sourceTree = "<group>"; };
		527F01D417F416290077F704 /* AJViewController.m */ = {isa = PBXFileReference; fileEncoding = 4; lastKnownFileType = sourcecode.c.objc; name = AJViewController.m; path = Classes/Controllers/AJViewController.m; sourceTree = "<group>"; };
		527F01D617F4178D0077F704 /* back.png */ = {isa = PBXFileReference; lastKnownFileType = image.png; path = back.png; sourceTree = "<group>"; };
		527F01D717F4178D0077F704 /* back@2x.png */ = {isa = PBXFileReference; lastKnownFileType = image.png; path = "back@2x.png"; sourceTree = "<group>"; };
		527F01DA17F437B60077F704 /* disclosure.png */ = {isa = PBXFileReference; lastKnownFileType = image.png; path = disclosure.png; sourceTree = "<group>"; };
		527F01DB17F437B60077F704 /* disclosure@2x.png */ = {isa = PBXFileReference; lastKnownFileType = image.png; path = "disclosure@2x.png"; sourceTree = "<group>"; };
		527F01DE17F440FF0077F704 /* AJSeparatorTableViewCell.h */ = {isa = PBXFileReference; fileEncoding = 4; lastKnownFileType = sourcecode.c.h; name = AJSeparatorTableViewCell.h; path = Classes/TableViewCells/AJSeparatorTableViewCell.h; sourceTree = "<group>"; };
		527F01DF17F440FF0077F704 /* AJSeparatorTableViewCell.m */ = {isa = PBXFileReference; fileEncoding = 4; lastKnownFileType = sourcecode.c.objc; name = AJSeparatorTableViewCell.m; path = Classes/TableViewCells/AJSeparatorTableViewCell.m; sourceTree = "<group>"; };
		52C3988617F304C4006C08B2 /* LDBrushStroke.ttf */ = {isa = PBXFileReference; lastKnownFileType = file; name = LDBrushStroke.ttf; path = Fonts/LDBrushStroke.ttf; sourceTree = "<group>"; };
		52C3988917F305D3006C08B2 /* UIFont+Additions.h */ = {isa = PBXFileReference; fileEncoding = 4; lastKnownFileType = sourcecode.c.h; path = "UIFont+Additions.h"; sourceTree = "<group>"; };
		52C3988A17F305D3006C08B2 /* UIFont+Additions.m */ = {isa = PBXFileReference; fileEncoding = 4; lastKnownFileType = sourcecode.c.objc; path = "UIFont+Additions.m"; sourceTree = "<group>"; };
		52C3988C17F3079F006C08B2 /* Faranvale.otf */ = {isa = PBXFileReference; lastKnownFileType = file; name = Faranvale.otf; path = Fonts/Faranvale.otf; sourceTree = "<group>"; };
		A907C84217EDBC2C009D1BFC /* background-568h@2x.png */ = {isa = PBXFileReference; lastKnownFileType = image.png; name = "background-568h@2x.png"; path = "Images/background-568h@2x.png"; sourceTree = "<group>"; };
		A907C84317EDBC2C009D1BFC /* background.png */ = {isa = PBXFileReference; lastKnownFileType = image.png; name = background.png; path = Images/background.png; sourceTree = "<group>"; };
		A907C84417EDBC2C009D1BFC /* background@2x.png */ = {isa = PBXFileReference; lastKnownFileType = image.png; name = "background@2x.png"; path = "Images/background@2x.png"; sourceTree = "<group>"; };
		A907C84817EDBCC2009D1BFC /* separator.png */ = {isa = PBXFileReference; lastKnownFileType = image.png; path = separator.png; sourceTree = "<group>"; };
		A907C84917EDBCC2009D1BFC /* separator@2x.png */ = {isa = PBXFileReference; lastKnownFileType = image.png; path = "separator@2x.png"; sourceTree = "<group>"; };
		A9528A1E17EB64D400060B08 /* CoreData.framework */ = {isa = PBXFileReference; lastKnownFileType = wrapper.framework; name = CoreData.framework; path = System/Library/Frameworks/CoreData.framework; sourceTree = SDKROOT; };
		A9528A2417EB66ED00060B08 /* Scores.xcdatamodel */ = {isa = PBXFileReference; lastKnownFileType = wrapper.xcdatamodel; path = Scores.xcdatamodel; sourceTree = "<group>"; };
		A9528A2F17EB68D800060B08 /* AJGame.h */ = {isa = PBXFileReference; fileEncoding = 4; lastKnownFileType = sourcecode.c.h; name = AJGame.h; path = Classes/Model/AJGame.h; sourceTree = "<group>"; };
		A9528A3017EB68D800060B08 /* AJGame.m */ = {isa = PBXFileReference; fileEncoding = 4; lastKnownFileType = sourcecode.c.objc; name = AJGame.m; path = Classes/Model/AJGame.m; sourceTree = "<group>"; };
		A9528A3217EB68D800060B08 /* AJPlayer.h */ = {isa = PBXFileReference; fileEncoding = 4; lastKnownFileType = sourcecode.c.h; name = AJPlayer.h; path = Classes/Model/AJPlayer.h; sourceTree = "<group>"; };
		A9528A3317EB68D800060B08 /* AJPlayer.m */ = {isa = PBXFileReference; fileEncoding = 4; lastKnownFileType = sourcecode.c.objc; name = AJPlayer.m; path = Classes/Model/AJPlayer.m; sourceTree = "<group>"; };
		A9528A3517EB68D800060B08 /* AJScore.h */ = {isa = PBXFileReference; fileEncoding = 4; lastKnownFileType = sourcecode.c.h; name = AJScore.h; path = Classes/Model/AJScore.h; sourceTree = "<group>"; };
		A9528A3617EB68D800060B08 /* AJScore.m */ = {isa = PBXFileReference; fileEncoding = 4; lastKnownFileType = sourcecode.c.objc; name = AJScore.m; path = Classes/Model/AJScore.m; sourceTree = "<group>"; };
		A9528A3917EB695F00060B08 /* AJScoresManager.h */ = {isa = PBXFileReference; fileEncoding = 4; lastKnownFileType = sourcecode.c.h; name = AJScoresManager.h; path = Classes/Utils/AJScoresManager.h; sourceTree = "<group>"; };
		A9528A3A17EB695F00060B08 /* AJScoresManager.m */ = {isa = PBXFileReference; fileEncoding = 4; lastKnownFileType = sourcecode.c.objc; name = AJScoresManager.m; path = Classes/Utils/AJScoresManager.m; sourceTree = "<group>"; };
		A9528A3C17EB6AEF00060B08 /* AJGame+Additions.h */ = {isa = PBXFileReference; fileEncoding = 4; lastKnownFileType = sourcecode.c.h; name = "AJGame+Additions.h"; path = "Classes/Model/AJGame+Additions.h"; sourceTree = "<group>"; };
		A9528A3D17EB6AEF00060B08 /* AJGame+Additions.m */ = {isa = PBXFileReference; fileEncoding = 4; lastKnownFileType = sourcecode.c.objc; name = "AJGame+Additions.m"; path = "Classes/Model/AJGame+Additions.m"; sourceTree = "<group>"; };
		A9528A3F17EB6B6400060B08 /* AJDefines.h */ = {isa = PBXFileReference; fileEncoding = 4; lastKnownFileType = sourcecode.c.h; name = AJDefines.h; path = Classes/Utils/AJDefines.h; sourceTree = "<group>"; };
		A9528A4017EB6B6400060B08 /* AJDefines.m */ = {isa = PBXFileReference; fileEncoding = 4; lastKnownFileType = sourcecode.c.objc; name = AJDefines.m; path = Classes/Utils/AJDefines.m; sourceTree = "<group>"; };
		A9528A4317EB6FB900060B08 /* UIColor+Additions.h */ = {isa = PBXFileReference; fileEncoding = 4; lastKnownFileType = sourcecode.c.h; path = "UIColor+Additions.h"; sourceTree = "<group>"; };
		A9528A4417EB6FB900060B08 /* UIColor+Additions.m */ = {isa = PBXFileReference; fileEncoding = 4; lastKnownFileType = sourcecode.c.objc; path = "UIColor+Additions.m"; sourceTree = "<group>"; };
		A9528A4617EB71DA00060B08 /* UIImage+Additions.h */ = {isa = PBXFileReference; fileEncoding = 4; lastKnownFileType = sourcecode.c.h; path = "UIImage+Additions.h"; sourceTree = "<group>"; };
		A9528A4717EB71DA00060B08 /* UIImage+Additions.m */ = {isa = PBXFileReference; fileEncoding = 4; lastKnownFileType = sourcecode.c.objc; path = "UIImage+Additions.m"; sourceTree = "<group>"; };
		A9528A4A17EB723A00060B08 /* cards_icon.png */ = {isa = PBXFileReference; lastKnownFileType = image.png; name = cards_icon.png; path = Images/cards_icon.png; sourceTree = "<group>"; };
		A9528A4C17EB724200060B08 /* main_tile_default_pic.png */ = {isa = PBXFileReference; lastKnownFileType = image.png; name = main_tile_default_pic.png; path = Images/main_tile_default_pic.png; sourceTree = "<group>"; };
		A9528A4E17EB730500060B08 /* mask.png */ = {isa = PBXFileReference; lastKnownFileType = image.png; name = mask.png; path = Images/mask.png; sourceTree = "<group>"; };
		A9528A4F17EB730500060B08 /* mask@2x.png */ = {isa = PBXFileReference; lastKnownFileType = image.png; name = "mask@2x.png"; path = "Images/mask@2x.png"; sourceTree = "<group>"; };
		A954E69417F601B100BAF445 /* AJPlayerTableViewCell.h */ = {isa = PBXFileReference; fileEncoding = 4; lastKnownFileType = sourcecode.c.h; name = AJPlayerTableViewCell.h; path = Classes/TableViewCells/AJPlayerTableViewCell.h; sourceTree = "<group>"; };
		A954E69517F601B100BAF445 /* AJPlayerTableViewCell.m */ = {isa = PBXFileReference; fileEncoding = 4; lastKnownFileType = sourcecode.c.objc; name = AJPlayerTableViewCell.m; path = Classes/TableViewCells/AJPlayerTableViewCell.m; sourceTree = "<group>"; };
		A954E69717F604E200BAF445 /* AJPlayersViewController.h */ = {isa = PBXFileReference; fileEncoding = 4; lastKnownFileType = sourcecode.c.h; name = AJPlayersViewController.h; path = Classes/Controllers/AJPlayersViewController.h; sourceTree = "<group>"; };
		A954E69817F604E200BAF445 /* AJPlayersViewController.m */ = {isa = PBXFileReference; fileEncoding = 4; lastKnownFileType = sourcecode.c.objc; name = AJPlayersViewController.m; path = Classes/Controllers/AJPlayersViewController.m; sourceTree = "<group>"; };
		A954E69A17F606D100BAF445 /* AJPlayer+Additions.h */ = {isa = PBXFileReference; fileEncoding = 4; lastKnownFileType = sourcecode.c.h; name = "AJPlayer+Additions.h"; path = "Classes/Model/AJPlayer+Additions.h"; sourceTree = "<group>"; };
		A954E69B17F606D100BAF445 /* AJPlayer+Additions.m */ = {isa = PBXFileReference; fileEncoding = 4; lastKnownFileType = sourcecode.c.objc; name = "AJPlayer+Additions.m"; path = "Classes/Model/AJPlayer+Additions.m"; sourceTree = "<group>"; };
		A962D66017F373E500E606B8 /* AJTableViewController.h */ = {isa = PBXFileReference; fileEncoding = 4; lastKnownFileType = sourcecode.c.h; name = AJTableViewController.h; path = Classes/Controllers/AJTableViewController.h; sourceTree = "<group>"; };
		A962D66117F373E500E606B8 /* AJTableViewController.m */ = {isa = PBXFileReference; fileEncoding = 4; lastKnownFileType = sourcecode.c.objc; name = AJTableViewController.m; path = Classes/Controllers/AJTableViewController.m; sourceTree = "<group>"; };
		A962D66317F3743F00E606B8 /* nav-bar-clear-landscape.png */ = {isa = PBXFileReference; lastKnownFileType = image.png; path = "nav-bar-clear-landscape.png"; sourceTree = "<group>"; };
		A962D66417F3743F00E606B8 /* nav-bar-clear-landscape@2x.png */ = {isa = PBXFileReference; lastKnownFileType = image.png; path = "nav-bar-clear-landscape@2x.png"; sourceTree = "<group>"; };
		A962D66517F3743F00E606B8 /* nav-bar-clear.png */ = {isa = PBXFileReference; lastKnownFileType = image.png; path = "nav-bar-clear.png"; sourceTree = "<group>"; };
		A962D66617F3743F00E606B8 /* nav-bar-clear@2x.png */ = {isa = PBXFileReference; lastKnownFileType = image.png; path = "nav-bar-clear@2x.png"; sourceTree = "<group>"; };
		A987B9E217ED677E0070CA82 /* NSString+Additions.h */ = {isa = PBXFileReference; fileEncoding = 4; lastKnownFileType = sourcecode.c.h; path = "NSString+Additions.h"; sourceTree = "<group>"; };
		A987B9E317ED677E0070CA82 /* NSString+Additions.m */ = {isa = PBXFileReference; fileEncoding = 4; lastKnownFileType = sourcecode.c.objc; path = "NSString+Additions.m"; sourceTree = "<group>"; };
		A987B9E517ED7E9D0070CA82 /* AJTextFieldTableViewCell.h */ = {isa = PBXFileReference; fileEncoding = 4; lastKnownFileType = sourcecode.c.h; name = AJTextFieldTableViewCell.h; path = Classes/TableViewCells/AJTextFieldTableViewCell.h; sourceTree = "<group>"; };
		A987B9E617ED7E9D0070CA82 /* AJTextFieldTableViewCell.m */ = {isa = PBXFileReference; fileEncoding = 4; lastKnownFileType = sourcecode.c.objc; name = AJTextFieldTableViewCell.m; path = Classes/TableViewCells/AJTextFieldTableViewCell.m; sourceTree = "<group>"; };
/* End PBXFileReference section */

/* Begin PBXFrameworksBuildPhase section */
		527EF9BA17E9DD7500FBC5CE /* Frameworks */ = {
			isa = PBXFrameworksBuildPhase;
			buildActionMask = 2147483647;
			files = (
				A9528A1F17EB64D400060B08 /* CoreData.framework in Frameworks */,
				527EF9C117E9DD7500FBC5CE /* UIKit.framework in Frameworks */,
				527EF9C317E9DD7500FBC5CE /* Foundation.framework in Frameworks */,
				527EF9C517E9DD7500FBC5CE /* CoreGraphics.framework in Frameworks */,
			);
			runOnlyForDeploymentPostprocessing = 0;
		};
/* End PBXFrameworksBuildPhase section */

/* Begin PBXGroup section */
		527EF9B417E9DD7400FBC5CE = {
			isa = PBXGroup;
			children = (
				527EF9C617E9DD7500FBC5CE /* Scores */,
				527EF9BF17E9DD7500FBC5CE /* Frameworks */,
				527EF9BE17E9DD7500FBC5CE /* Products */,
			);
			sourceTree = "<group>";
		};
		527EF9BE17E9DD7500FBC5CE /* Products */ = {
			isa = PBXGroup;
			children = (
				527EF9BD17E9DD7500FBC5CE /* Scores.app */,
			);
			name = Products;
			sourceTree = "<group>";
		};
		527EF9BF17E9DD7500FBC5CE /* Frameworks */ = {
			isa = PBXGroup;
			children = (
				A9528A1E17EB64D400060B08 /* CoreData.framework */,
				527EF9C017E9DD7500FBC5CE /* UIKit.framework */,
				527EF9C217E9DD7500FBC5CE /* Foundation.framework */,
				527EF9C417E9DD7500FBC5CE /* CoreGraphics.framework */,
			);
			name = Frameworks;
			sourceTree = "<group>";
		};
		527EF9C617E9DD7500FBC5CE /* Scores */ = {
			isa = PBXGroup;
			children = (
				527EF9CF17E9DD7500FBC5CE /* AJAppDelegate.h */,
				527EF9D017E9DD7500FBC5CE /* AJAppDelegate.m */,
				527EF9D817E9DD7600FBC5CE /* iPhoneStoryboard.storyboard */,
				527EF9E317E9DDB800FBC5CE /* iPadStoryboard.storyboard */,
				A9528A2017EB65FE00060B08 /* Controllers */,
				A9528A2217EB662700060B08 /* Model */,
				A9528A4217EB6F4E00060B08 /* Categories */,
				A9528A3817EB693900060B08 /* Utils */,
				A9528A2117EB660B00060B08 /* TableViewCells */,
				527EF9C717E9DD7500FBC5CE /* Supporting Files */,
			);
			path = Scores;
			sourceTree = "<group>";
		};
		527EF9C717E9DD7500FBC5CE /* Supporting Files */ = {
			isa = PBXGroup;
			children = (
				52C3988817F304C9006C08B2 /* Fonts */,
				A9528A4917EB722F00060B08 /* Images */,
				527EF9C817E9DD7500FBC5CE /* Scores-Info.plist */,
				527EF9C917E9DD7500FBC5CE /* InfoPlist.strings */,
				527EF9CC17E9DD7500FBC5CE /* main.m */,
				527EF9CE17E9DD7500FBC5CE /* Scores-Prefix.pch */,
				527F01C317F414D10077F704 /* Default-Landscape@2x~ipad.png */,
				527F01C417F414D10077F704 /* Default-Landscape~ipad.png */,
				527F01C517F414D10077F704 /* Default-Portrait@2x~ipad.png */,
				527F01C617F414D10077F704 /* Default-Portrait~ipad.png */,
				527F01C717F414D10077F704 /* icon_iPad.png */,
				527F01C817F414D10077F704 /* icon_iPad@2x.png */,
				527F01C917F414D10077F704 /* icon.png */,
				527F01CA17F414D10077F704 /* icon@2x.png */,
				527EF9D217E9DD7500FBC5CE /* Default.png */,
				527EF9D417E9DD7600FBC5CE /* Default@2x.png */,
				527EF9D617E9DD7600FBC5CE /* Default-568h@2x.png */,
			);
			name = "Supporting Files";
			sourceTree = "<group>";
		};
		52C3988817F304C9006C08B2 /* Fonts */ = {
			isa = PBXGroup;
			children = (
				52C3988C17F3079F006C08B2 /* Faranvale.otf */,
				52C3988617F304C4006C08B2 /* LDBrushStroke.ttf */,
			);
			name = Fonts;
			sourceTree = "<group>";
		};
		A9528A2017EB65FE00060B08 /* Controllers */ = {
			isa = PBXGroup;
			children = (
				527F01D317F416290077F704 /* AJViewController.h */,
				527F01D417F416290077F704 /* AJViewController.m */,
				A962D66017F373E500E606B8 /* AJTableViewController.h */,
				A962D66117F373E500E606B8 /* AJTableViewController.m */,
				527EF9E517E9E16F00FBC5CE /* AJGamesTableViewController.h */,
				527EF9E617E9E16F00FBC5CE /* AJGamesTableViewController.m */,
				A954E69717F604E200BAF445 /* AJPlayersViewController.h */,
				A954E69817F604E200BAF445 /* AJPlayersViewController.m */,
			);
			name = Controllers;
			sourceTree = "<group>";
		};
		A9528A2117EB660B00060B08 /* TableViewCells */ = {
			isa = PBXGroup;
			children = (
				527EF9E817E9E33F00FBC5CE /* AJGameTableViewCell.h */,
				527EF9E917E9E33F00FBC5CE /* AJGameTableViewCell.m */,
				A954E69417F601B100BAF445 /* AJPlayerTableViewCell.h */,
				A954E69517F601B100BAF445 /* AJPlayerTableViewCell.m */,
				A987B9E517ED7E9D0070CA82 /* AJTextFieldTableViewCell.h */,
				A987B9E617ED7E9D0070CA82 /* AJTextFieldTableViewCell.m */,
				527F01DE17F440FF0077F704 /* AJSeparatorTableViewCell.h */,
				527F01DF17F440FF0077F704 /* AJSeparatorTableViewCell.m */,
			);
			name = TableViewCells;
			sourceTree = "<group>";
		};
		A9528A2217EB662700060B08 /* Model */ = {
			isa = PBXGroup;
			children = (
				A9528A2F17EB68D800060B08 /* AJGame.h */,
				A9528A3017EB68D800060B08 /* AJGame.m */,
				A9528A3C17EB6AEF00060B08 /* AJGame+Additions.h */,
				A9528A3D17EB6AEF00060B08 /* AJGame+Additions.m */,
				A9528A3217EB68D800060B08 /* AJPlayer.h */,
				A9528A3317EB68D800060B08 /* AJPlayer.m */,
				A954E69A17F606D100BAF445 /* AJPlayer+Additions.h */,
				A954E69B17F606D100BAF445 /* AJPlayer+Additions.m */,
				A9528A3517EB68D800060B08 /* AJScore.h */,
				A9528A3617EB68D800060B08 /* AJScore.m */,
				A9528A2317EB66ED00060B08 /* Scores.xcdatamodeld */,
			);
			name = Model;
			sourceTree = "<group>";
		};
		A9528A3817EB693900060B08 /* Utils */ = {
			isa = PBXGroup;
			children = (
				A9528A3917EB695F00060B08 /* AJScoresManager.h */,
				A9528A3A17EB695F00060B08 /* AJScoresManager.m */,
				A9528A3F17EB6B6400060B08 /* AJDefines.h */,
				A9528A4017EB6B6400060B08 /* AJDefines.m */,
			);
			name = Utils;
			sourceTree = "<group>";
		};
		A9528A4217EB6F4E00060B08 /* Categories */ = {
			isa = PBXGroup;
			children = (
				52C3988917F305D3006C08B2 /* UIFont+Additions.h */,
				52C3988A17F305D3006C08B2 /* UIFont+Additions.m */,
				A987B9E217ED677E0070CA82 /* NSString+Additions.h */,
				A987B9E317ED677E0070CA82 /* NSString+Additions.m */,
				A9528A4617EB71DA00060B08 /* UIImage+Additions.h */,
				A9528A4717EB71DA00060B08 /* UIImage+Additions.m */,
				A9528A4317EB6FB900060B08 /* UIColor+Additions.h */,
				A9528A4417EB6FB900060B08 /* UIColor+Additions.m */,
				527F01BD17F412380077F704 /* UIBarButtonItem+Additions.h */,
				527F01BE17F412380077F704 /* UIBarButtonItem+Additions.m */,
			);
			name = Categories;
			sourceTree = "<group>";
		};
		A9528A4917EB722F00060B08 /* Images */ = {
			isa = PBXGroup;
			children = (
				527F01DA17F437B60077F704 /* disclosure.png */,
				527F01DB17F437B60077F704 /* disclosure@2x.png */,
				527F01D617F4178D0077F704 /* back.png */,
				527F01D717F4178D0077F704 /* back@2x.png */,
				A962D66317F3743F00E606B8 /* nav-bar-clear-landscape.png */,
				A962D66417F3743F00E606B8 /* nav-bar-clear-landscape@2x.png */,
				A962D66517F3743F00E606B8 /* nav-bar-clear.png */,
				A962D66617F3743F00E606B8 /* nav-bar-clear@2x.png */,
				A907C84817EDBCC2009D1BFC /* separator.png */,
				A907C84917EDBCC2009D1BFC /* separator@2x.png */,
				A907C84217EDBC2C009D1BFC /* background-568h@2x.png */,
				A907C84317EDBC2C009D1BFC /* background.png */,
				A907C84417EDBC2C009D1BFC /* background@2x.png */,
				A9528A4E17EB730500060B08 /* mask.png */,
				A9528A4F17EB730500060B08 /* mask@2x.png */,
				A9528A4A17EB723A00060B08 /* cards_icon.png */,
				A9528A4C17EB724200060B08 /* main_tile_default_pic.png */,
			);
			name = Images;
			sourceTree = "<group>";
		};
/* End PBXGroup section */

/* Begin PBXNativeTarget section */
		527EF9BC17E9DD7500FBC5CE /* Scores */ = {
			isa = PBXNativeTarget;
			buildConfigurationList = 527EF9E017E9DD7600FBC5CE /* Build configuration list for PBXNativeTarget "Scores" */;
			buildPhases = (
				527EF9B917E9DD7500FBC5CE /* Sources */,
				527EF9BA17E9DD7500FBC5CE /* Frameworks */,
				527EF9BB17E9DD7500FBC5CE /* Resources */,
			);
			buildRules = (
			);
			dependencies = (
			);
			name = Scores;
			productName = Scores;
			productReference = 527EF9BD17E9DD7500FBC5CE /* Scores.app */;
			productType = "com.apple.product-type.application";
		};
/* End PBXNativeTarget section */

/* Begin PBXProject section */
		527EF9B517E9DD7400FBC5CE /* Project object */ = {
			isa = PBXProject;
			attributes = {
				CLASSPREFIX = AJ;
				LastUpgradeCheck = 0460;
				ORGANIZATIONNAME = AJ;
			};
			buildConfigurationList = 527EF9B817E9DD7500FBC5CE /* Build configuration list for PBXProject "Scores" */;
			compatibilityVersion = "Xcode 3.2";
			developmentRegion = English;
			hasScannedForEncodings = 0;
			knownRegions = (
				en,
			);
			mainGroup = 527EF9B417E9DD7400FBC5CE;
			productRefGroup = 527EF9BE17E9DD7500FBC5CE /* Products */;
			projectDirPath = "";
			projectRoot = "";
			targets = (
				527EF9BC17E9DD7500FBC5CE /* Scores */,
			);
		};
/* End PBXProject section */

/* Begin PBXResourcesBuildPhase section */
		527EF9BB17E9DD7500FBC5CE /* Resources */ = {
			isa = PBXResourcesBuildPhase;
			buildActionMask = 2147483647;
			files = (
				527EF9CB17E9DD7500FBC5CE /* InfoPlist.strings in Resources */,
				527EF9D317E9DD7500FBC5CE /* Default.png in Resources */,
				527EF9D517E9DD7600FBC5CE /* Default@2x.png in Resources */,
				527EF9D717E9DD7600FBC5CE /* Default-568h@2x.png in Resources */,
				527EF9DA17E9DD7600FBC5CE /* iPhoneStoryboard.storyboard in Resources */,
				527EF9E417E9DDB800FBC5CE /* iPadStoryboard.storyboard in Resources */,
				A9528A4B17EB723A00060B08 /* cards_icon.png in Resources */,
				A9528A4D17EB724200060B08 /* main_tile_default_pic.png in Resources */,
				A9528A5017EB730500060B08 /* mask.png in Resources */,
				A9528A5117EB730500060B08 /* mask@2x.png in Resources */,
				A907C84517EDBC2C009D1BFC /* background-568h@2x.png in Resources */,
				A907C84617EDBC2C009D1BFC /* background.png in Resources */,
				A907C84717EDBC2C009D1BFC /* background@2x.png in Resources */,
				A907C84A17EDBCC2009D1BFC /* separator.png in Resources */,
				A907C84B17EDBCC2009D1BFC /* separator@2x.png in Resources */,
				52C3988717F304C4006C08B2 /* LDBrushStroke.ttf in Resources */,
				52C3988D17F3079F006C08B2 /* Faranvale.otf in Resources */,
				A962D66717F3743F00E606B8 /* nav-bar-clear-landscape.png in Resources */,
				A962D66817F3743F00E606B8 /* nav-bar-clear-landscape@2x.png in Resources */,
				A962D66917F3743F00E606B8 /* nav-bar-clear.png in Resources */,
				A962D66A17F3743F00E606B8 /* nav-bar-clear@2x.png in Resources */,
				527F01CB17F414D10077F704 /* Default-Landscape@2x~ipad.png in Resources */,
				527F01CC17F414D10077F704 /* Default-Landscape~ipad.png in Resources */,
				527F01CD17F414D10077F704 /* Default-Portrait@2x~ipad.png in Resources */,
				527F01CE17F414D10077F704 /* Default-Portrait~ipad.png in Resources */,
				527F01CF17F414D10077F704 /* icon_iPad.png in Resources */,
				527F01D017F414D10077F704 /* icon_iPad@2x.png in Resources */,
				527F01D117F414D10077F704 /* icon.png in Resources */,
				527F01D217F414D10077F704 /* icon@2x.png in Resources */,
				527F01D817F4178D0077F704 /* back.png in Resources */,
				527F01D917F4178D0077F704 /* back@2x.png in Resources */,
				527F01DC17F437B60077F704 /* disclosure.png in Resources */,
				527F01DD17F437B60077F704 /* disclosure@2x.png in Resources */,
			);
			runOnlyForDeploymentPostprocessing = 0;
		};
/* End PBXResourcesBuildPhase section */

/* Begin PBXSourcesBuildPhase section */
		527EF9B917E9DD7500FBC5CE /* Sources */ = {
			isa = PBXSourcesBuildPhase;
			buildActionMask = 2147483647;
			files = (
				527EF9CD17E9DD7500FBC5CE /* main.m in Sources */,
				527EF9D117E9DD7500FBC5CE /* AJAppDelegate.m in Sources */,
				527EF9E717E9E16F00FBC5CE /* AJGamesTableViewController.m in Sources */,
				527EF9EA17E9E33F00FBC5CE /* AJGameTableViewCell.m in Sources */,
				A9528A2517EB66ED00060B08 /* Scores.xcdatamodeld in Sources */,
				A9528A3117EB68D800060B08 /* AJGame.m in Sources */,
				A9528A3417EB68D800060B08 /* AJPlayer.m in Sources */,
				A9528A3717EB68D800060B08 /* AJScore.m in Sources */,
				A9528A3B17EB695F00060B08 /* AJScoresManager.m in Sources */,
				A9528A3E17EB6AF000060B08 /* AJGame+Additions.m in Sources */,
				A9528A4117EB6B6400060B08 /* AJDefines.m in Sources */,
				A9528A4517EB6FB900060B08 /* UIColor+Additions.m in Sources */,
				A9528A4817EB71DA00060B08 /* UIImage+Additions.m in Sources */,
				A987B9E417ED677E0070CA82 /* NSString+Additions.m in Sources */,
				A987B9E717ED7E9D0070CA82 /* AJTextFieldTableViewCell.m in Sources */,
				52C3988B17F305D3006C08B2 /* UIFont+Additions.m in Sources */,
				A962D66217F373E500E606B8 /* AJTableViewController.m in Sources */,
				527F01BF17F412380077F704 /* UIBarButtonItem+Additions.m in Sources */,
				527F01D517F416290077F704 /* AJViewController.m in Sources */,
				527F01E017F440FF0077F704 /* AJSeparatorTableViewCell.m in Sources */,
				A954E69617F601B100BAF445 /* AJPlayerTableViewCell.m in Sources */,
				A954E69917F604E200BAF445 /* AJPlayersViewController.m in Sources */,
				A954E69C17F606D100BAF445 /* AJPlayer+Additions.m in Sources */,
			);
			runOnlyForDeploymentPostprocessing = 0;
		};
/* End PBXSourcesBuildPhase section */

/* Begin PBXVariantGroup section */
		527EF9C917E9DD7500FBC5CE /* InfoPlist.strings */ = {
			isa = PBXVariantGroup;
			children = (
				527EF9CA17E9DD7500FBC5CE /* en */,
			);
			name = InfoPlist.strings;
			sourceTree = "<group>";
		};
		527EF9D817E9DD7600FBC5CE /* iPhoneStoryboard.storyboard */ = {
			isa = PBXVariantGroup;
			children = (
				527EF9D917E9DD7600FBC5CE /* en */,
			);
			name = iPhoneStoryboard.storyboard;
			sourceTree = "<group>";
		};
/* End PBXVariantGroup section */

/* Begin XCBuildConfiguration section */
		527EF9DE17E9DD7600FBC5CE /* Debug */ = {
			isa = XCBuildConfiguration;
			buildSettings = {
				ALWAYS_SEARCH_USER_PATHS = NO;
				CLANG_CXX_LANGUAGE_STANDARD = "gnu++0x";
				CLANG_CXX_LIBRARY = "libc++";
				CLANG_ENABLE_OBJC_ARC = YES;
				CLANG_WARN_CONSTANT_CONVERSION = YES;
				CLANG_WARN_EMPTY_BODY = YES;
				CLANG_WARN_ENUM_CONVERSION = YES;
				CLANG_WARN_INT_CONVERSION = YES;
				CLANG_WARN__DUPLICATE_METHOD_MATCH = YES;
				"CODE_SIGN_IDENTITY[sdk=iphoneos*]" = "iPhone Developer";
				COPY_PHASE_STRIP = NO;
				GCC_C_LANGUAGE_STANDARD = gnu99;
				GCC_DYNAMIC_NO_PIC = NO;
				GCC_OPTIMIZATION_LEVEL = 0;
				GCC_PREPROCESSOR_DEFINITIONS = (
					"DEBUG=1",
					"$(inherited)",
				);
				GCC_SYMBOLS_PRIVATE_EXTERN = NO;
				GCC_WARN_ABOUT_RETURN_TYPE = YES;
				GCC_WARN_UNINITIALIZED_AUTOS = YES;
				GCC_WARN_UNUSED_VARIABLE = YES;
				IPHONEOS_DEPLOYMENT_TARGET = 6.1;
				ONLY_ACTIVE_ARCH = YES;
				SDKROOT = iphoneos;
			};
			name = Debug;
		};
		527EF9DF17E9DD7600FBC5CE /* Release */ = {
			isa = XCBuildConfiguration;
			buildSettings = {
				ALWAYS_SEARCH_USER_PATHS = NO;
				CLANG_CXX_LANGUAGE_STANDARD = "gnu++0x";
				CLANG_CXX_LIBRARY = "libc++";
				CLANG_ENABLE_OBJC_ARC = YES;
				CLANG_WARN_CONSTANT_CONVERSION = YES;
				CLANG_WARN_EMPTY_BODY = YES;
				CLANG_WARN_ENUM_CONVERSION = YES;
				CLANG_WARN_INT_CONVERSION = YES;
				CLANG_WARN__DUPLICATE_METHOD_MATCH = YES;
				"CODE_SIGN_IDENTITY[sdk=iphoneos*]" = "iPhone Developer";
				COPY_PHASE_STRIP = YES;
				GCC_C_LANGUAGE_STANDARD = gnu99;
				GCC_WARN_ABOUT_RETURN_TYPE = YES;
				GCC_WARN_UNINITIALIZED_AUTOS = YES;
				GCC_WARN_UNUSED_VARIABLE = YES;
				IPHONEOS_DEPLOYMENT_TARGET = 6.1;
				OTHER_CFLAGS = "-DNS_BLOCK_ASSERTIONS=1";
				SDKROOT = iphoneos;
				VALIDATE_PRODUCT = YES;
			};
			name = Release;
		};
		527EF9E117E9DD7600FBC5CE /* Debug */ = {
			isa = XCBuildConfiguration;
			buildSettings = {
				GCC_PRECOMPILE_PREFIX_HEADER = YES;
				GCC_PREFIX_HEADER = "Scores/Scores-Prefix.pch";
				INFOPLIST_FILE = "Scores/Scores-Info.plist";
				IPHONEOS_DEPLOYMENT_TARGET = 6.1;
				PRODUCT_NAME = "$(TARGET_NAME)";
				TARGETED_DEVICE_FAMILY = "1,2";
				WRAPPER_EXTENSION = app;
			};
			name = Debug;
		};
		527EF9E217E9DD7600FBC5CE /* Release */ = {
			isa = XCBuildConfiguration;
			buildSettings = {
				GCC_PRECOMPILE_PREFIX_HEADER = YES;
				GCC_PREFIX_HEADER = "Scores/Scores-Prefix.pch";
				INFOPLIST_FILE = "Scores/Scores-Info.plist";
				IPHONEOS_DEPLOYMENT_TARGET = 6.1;
				PRODUCT_NAME = "$(TARGET_NAME)";
				TARGETED_DEVICE_FAMILY = "1,2";
				WRAPPER_EXTENSION = app;
			};
			name = Release;
		};
/* End XCBuildConfiguration section */

/* Begin XCConfigurationList section */
		527EF9B817E9DD7500FBC5CE /* Build configuration list for PBXProject "Scores" */ = {
			isa = XCConfigurationList;
			buildConfigurations = (
				527EF9DE17E9DD7600FBC5CE /* Debug */,
				527EF9DF17E9DD7600FBC5CE /* Release */,
			);
			defaultConfigurationIsVisible = 0;
			defaultConfigurationName = Release;
		};
		527EF9E017E9DD7600FBC5CE /* Build configuration list for PBXNativeTarget "Scores" */ = {
			isa = XCConfigurationList;
			buildConfigurations = (
				527EF9E117E9DD7600FBC5CE /* Debug */,
				527EF9E217E9DD7600FBC5CE /* Release */,
			);
			defaultConfigurationIsVisible = 0;
			defaultConfigurationName = Release;
		};
/* End XCConfigurationList section */

/* Begin XCVersionGroup section */
		A9528A2317EB66ED00060B08 /* Scores.xcdatamodeld */ = {
			isa = XCVersionGroup;
			children = (
				A9528A2417EB66ED00060B08 /* Scores.xcdatamodel */,
			);
			currentVersion = A9528A2417EB66ED00060B08 /* Scores.xcdatamodel */;
			path = Scores.xcdatamodeld;
			sourceTree = "<group>";
			versionGroupType = wrapper.xcdatamodel;
		};
/* End XCVersionGroup section */
	};
	rootObject = 527EF9B517E9DD7400FBC5CE /* Project object */;
}
